PODS:
  - SDWebImage (5.7.2):
    - SDWebImage/Core (= 5.7.2)
  - SDWebImage/Core (5.7.2)
  - SVProgressHUD (2.2.5)

DEPENDENCIES:
  - SDWebImage
  - SVProgressHUD

SPEC REPOS:
  trunk:
    - SDWebImage
    - SVProgressHUD

SPEC CHECKSUMS:
  SDWebImage: d9ea4959d99c52276dfada481987018fcaea3d58
  SVProgressHUD: 1428aafac632c1f86f62aa4243ec12008d7a51d6

PODFILE CHECKSUM: 9a382cc89cc0b5a1a96f529742cc260f168d53f8

COCOAPODS: 1.9.1
