// !$*UTF8*$!
{
	archiveVersion = 1;
	classes = {
	};
	objectVersion = 50;
	objects = {

/* Begin PBXBuildFile section */
		BFCFBE3724F7962900A4B236 /* AppDelegate.swift in Sources */ = {isa = PBXBuildFile; fileRef = BFCFBE3624F7962900A4B236 /* AppDelegate.swift */; };
		BFCFBE3924F7962900A4B236 /* SceneDelegate.swift in Sources */ = {isa = PBXBuildFile; fileRef = BFCFBE3824F7962900A4B236 /* SceneDelegate.swift */; };
		BFCFBE3B24F7962900A4B236 /* ViewController.swift in Sources */ = {isa = PBXBuildFile; fileRef = BFCFBE3A24F7962900A4B236 /* ViewController.swift */; };
		BFCFBE3E24F7962900A4B236 /* Main.storyboard in Resources */ = {isa = PBXBuildFile; fileRef = BFCFBE3C24F7962900A4B236 /* Main.storyboard */; };
		BFCFBE4024F7962E00A4B236 /* Assets.xcassets in Resources */ = {isa = PBXBuildFile; fileRef = BFCFBE3F24F7962E00A4B236 /* Assets.xcassets */; };
		BFCFBE4324F7962E00A4B236 /* LaunchScreen.storyboard in Resources */ = {isa = PBXBuildFile; fileRef = BFCFBE4124F7962E00A4B236 /* LaunchScreen.storyboard */; };
		BFCFBE4E24F7962E00A4B236 /* POCTests.swift in Sources */ = {isa = PBXBuildFile; fileRef = BFCFBE4D24F7962E00A4B236 /* POCTests.swift */; };
		BFCFBE5924F7962E00A4B236 /* POCUITests.swift in Sources */ = {isa = PBXBuildFile; fileRef = BFCFBE5824F7962E00A4B236 /* POCUITests.swift */; };
/* End PBXBuildFile section */

/* Begin PBXContainerItemProxy section */
		BFCFBE4A24F7962E00A4B236 /* PBXContainerItemProxy */ = {
			isa = PBXContainerItemProxy;
			containerPortal = BFCFBE2B24F7962900A4B236 /* Project object */;
			proxyType = 1;
			remoteGlobalIDString = BFCFBE3224F7962900A4B236;
			remoteInfo = POC;
		};
		BFCFBE5524F7962E00A4B236 /* PBXContainerItemProxy */ = {
			isa = PBXContainerItemProxy;
			containerPortal = BFCFBE2B24F7962900A4B236 /* Project object */;
			proxyType = 1;
			remoteGlobalIDString = BFCFBE3224F7962900A4B236;
			remoteInfo = POC;
		};
/* End PBXContainerItemProxy section */

/* Begin PBXFileReference section */
		BFCFBE3324F7962900A4B236 /* POC.app */ = {isa = PBXFileReference; explicitFileType = wrapper.application; includeInIndex = 0; path = POC.app; sourceTree = BUILT_PRODUCTS_DIR; };
		BFCFBE3624F7962900A4B236 /* AppDelegate.swift */ = {isa = PBXFileReference; lastKnownFileType = sourcecode.swift; path = AppDelegate.swift; sourceTree = "<group>"; };
		BFCFBE3824F7962900A4B236 /* SceneDelegate.swift */ = {isa = PBXFileReference; lastKnownFileType = sourcecode.swift; path = SceneDelegate.swift; sourceTree = "<group>"; };
		BFCFBE3A24F7962900A4B236 /* ViewController.swift */ = {isa = PBXFileReference; lastKnownFileType = sourcecode.swift; path = ViewController.swift; sourceTree = "<group>"; };
		BFCFBE3D24F7962900A4B236 /* Base */ = {isa = PBXFileReference; lastKnownFileType = file.storyboard; name = Base; path = Base.lproj/Main.storyboard; sourceTree = "<group>"; };
		BFCFBE3F24F7962E00A4B236 /* Assets.xcassets */ = {isa = PBXFileReference; lastKnownFileType = folder.assetcatalog; path = Assets.xcassets; sourceTree = "<group>"; };
		BFCFBE4224F7962E00A4B236 /* Base */ = {isa = PBXFileReference; lastKnownFileType = file.storyboard; name = Base; path = Base.lproj/LaunchScreen.storyboard; sourceTree = "<group>"; };
		BFCFBE4424F7962E00A4B236 /* Info.plist */ = {isa = PBXFileReference; lastKnownFileType = text.plist.xml; path = Info.plist; sourceTree = "<group>"; };
		BFCFBE4924F7962E00A4B236 /* POCTests.xctest */ = {isa = PBXFileReference; explicitFileType = wrapper.cfbundle; includeInIndex = 0; path = POCTests.xctest; sourceTree = BUILT_PRODUCTS_DIR; };
		BFCFBE4D24F7962E00A4B236 /* POCTests.swift */ = {isa = PBXFileReference; lastKnownFileType = sourcecode.swift; path = POCTests.swift; sourceTree = "<group>"; };
		BFCFBE4F24F7962E00A4B236 /* Info.plist */ = {isa = PBXFileReference; lastKnownFileType = text.plist.xml; path = Info.plist; sourceTree = "<group>"; };
		BFCFBE5424F7962E00A4B236 /* POCUITests.xctest */ = {isa = PBXFileReference; explicitFileType = wrapper.cfbundle; includeInIndex = 0; path = POCUITests.xctest; sourceTree = BUILT_PRODUCTS_DIR; };
		BFCFBE5824F7962E00A4B236 /* POCUITests.swift */ = {isa = PBXFileReference; lastKnownFileType = sourcecode.swift; path = POCUITests.swift; sourceTree = "<group>"; };
		BFCFBE5A24F7962E00A4B236 /* Info.plist */ = {isa = PBXFileReference; lastKnownFileType = text.plist.xml; path = Info.plist; sourceTree = "<group>"; };
/* End PBXFileReference section */

/* Begin PBXFrameworksBuildPhase section */
		BFCFBE3024F7962900A4B236 /* Frameworks */ = {
			isa = PBXFrameworksBuildPhase;
			buildActionMask = 2147483647;
			files = (
			);
			runOnlyForDeploymentPostprocessing = 0;
		};
		BFCFBE4624F7962E00A4B236 /* Frameworks */ = {
			isa = PBXFrameworksBuildPhase;
			buildActionMask = 2147483647;
			files = (
			);
			runOnlyForDeploymentPostprocessing = 0;
		};
		BFCFBE5124F7962E00A4B236 /* Frameworks */ = {
			isa = PBXFrameworksBuildPhase;
			buildActionMask = 2147483647;
			files = (
			);
			runOnlyForDeploymentPostprocessing = 0;
		};
/* End PBXFrameworksBuildPhase section */

/* Begin PBXGroup section */
		BFCFBE2A24F7962900A4B236 = {
			isa = PBXGroup;
			children = (
				BFCFBE3524F7962900A4B236 /* POC */,
				BFCFBE4C24F7962E00A4B236 /* POCTests */,
				BFCFBE5724F7962E00A4B236 /* POCUITests */,
				BFCFBE3424F7962900A4B236 /* Products */,
			);
			sourceTree = "<group>";
		};
		BFCFBE3424F7962900A4B236 /* Products */ = {
			isa = PBXGroup;
			children = (
				BFCFBE3324F7962900A4B236 /* POC.app */,
				BFCFBE4924F7962E00A4B236 /* POCTests.xctest */,
				BFCFBE5424F7962E00A4B236 /* POCUITests.xctest */,
			);
			name = Products;
			sourceTree = "<group>";
		};
		BFCFBE3524F7962900A4B236 /* POC */ = {
			isa = PBXGroup;
			children = (
				BFCFBE3624F7962900A4B236 /* AppDelegate.swift */,
				BFCFBE3824F7962900A4B236 /* SceneDelegate.swift */,
				BFCFBE3A24F7962900A4B236 /* ViewController.swift */,
				BFCFBE3C24F7962900A4B236 /* Main.storyboard */,
				BFCFBE3F24F7962E00A4B236 /* Assets.xcassets */,
				BFCFBE4124F7962E00A4B236 /* LaunchScreen.storyboard */,
				BFCFBE4424F7962E00A4B236 /* Info.plist */,
			);
			path = POC;
			sourceTree = "<group>";
		};
		BFCFBE4C24F7962E00A4B236 /* POCTests */ = {
			isa = PBXGroup;
			children = (
				BFCFBE4D24F7962E00A4B236 /* POCTests.swift */,
				BFCFBE4F24F7962E00A4B236 /* Info.plist */,
			);
			path = POCTests;
			sourceTree = "<group>";
		};
		BFCFBE5724F7962E00A4B236 /* POCUITests */ = {
			isa = PBXGroup;
			children = (
				BFCFBE5824F7962E00A4B236 /* POCUITests.swift */,
				BFCFBE5A24F7962E00A4B236 /* Info.plist */,
			);
			path = POCUITests;
			sourceTree = "<group>";
		};
/* End PBXGroup section */

/* Begin PBXNativeTarget section */
		BFCFBE3224F7962900A4B236 /* POC */ = {
			isa = PBXNativeTarget;
			buildConfigurationList = BFCFBE5D24F7962E00A4B236 /* Build configuration list for PBXNativeTarget "POC" */;
			buildPhases = (
				BFCFBE2F24F7962900A4B236 /* Sources */,
				BFCFBE3024F7962900A4B236 /* Frameworks */,
				BFCFBE3124F7962900A4B236 /* Resources */,
			);
			buildRules = (
			);
			dependencies = (
			);
			name = POC;
			productName = POC;
			productReference = BFCFBE3324F7962900A4B236 /* POC.app */;
			productType = "com.apple.product-type.application";
		};
		BFCFBE4824F7962E00A4B236 /* POCTests */ = {
			isa = PBXNativeTarget;
			buildConfigurationList = BFCFBE6024F7962E00A4B236 /* Build configuration list for PBXNativeTarget "POCTests" */;
			buildPhases = (
				BFCFBE4524F7962E00A4B236 /* Sources */,
				BFCFBE4624F7962E00A4B236 /* Frameworks */,
				BFCFBE4724F7962E00A4B236 /* Resources */,
			);
			buildRules = (
			);
			dependencies = (
				BFCFBE4B24F7962E00A4B236 /* PBXTargetDependency */,
			);
			name = POCTests;
			productName = POCTests;
			productReference = BFCFBE4924F7962E00A4B236 /* POCTests.xctest */;
			productType = "com.apple.product-type.bundle.unit-test";
		};
		BFCFBE5324F7962E00A4B236 /* POCUITests */ = {
			isa = PBXNativeTarget;
			buildConfigurationList = BFCFBE6324F7962E00A4B236 /* Build configuration list for PBXNativeTarget "POCUITests" */;
			buildPhases = (
				BFCFBE5024F7962E00A4B236 /* Sources */,
				BFCFBE5124F7962E00A4B236 /* Frameworks */,
				BFCFBE5224F7962E00A4B236 /* Resources */,
			);
			buildRules = (
			);
			dependencies = (
				BFCFBE5624F7962E00A4B236 /* PBXTargetDependency */,
			);
			name = POCUITests;
			productName = POCUITests;
			productReference = BFCFBE5424F7962E00A4B236 /* POCUITests.xctest */;
			productType = "com.apple.product-type.bundle.ui-testing";
		};
/* End PBXNativeTarget section */

/* Begin PBXProject section */
		BFCFBE2B24F7962900A4B236 /* Project object */ = {
			isa = PBXProject;
			attributes = {
				LastSwiftUpdateCheck = 1130;
				LastUpgradeCheck = 1130;
				ORGANIZATIONNAME = Subhash;
				TargetAttributes = {
					BFCFBE3224F7962900A4B236 = {
						CreatedOnToolsVersion = 11.3.1;
					};
					BFCFBE4824F7962E00A4B236 = {
						CreatedOnToolsVersion = 11.3.1;
						TestTargetID = BFCFBE3224F7962900A4B236;
					};
					BFCFBE5324F7962E00A4B236 = {
						CreatedOnToolsVersion = 11.3.1;
						TestTargetID = BFCFBE3224F7962900A4B236;
					};
				};
			};
			buildConfigurationList = BFCFBE2E24F7962900A4B236 /* Build configuration list for PBXProject "POC" */;
			compatibilityVersion = "Xcode 9.3";
			developmentRegion = en;
			hasScannedForEncodings = 0;
			knownRegions = (
				en,
				Base,
			);
			mainGroup = BFCFBE2A24F7962900A4B236;
			productRefGroup = BFCFBE3424F7962900A4B236 /* Products */;
			projectDirPath = "";
			projectRoot = "";
			targets = (
				BFCFBE3224F7962900A4B236 /* POC */,
				BFCFBE4824F7962E00A4B236 /* POCTests */,
				BFCFBE5324F7962E00A4B236 /* POCUITests */,
			);
		};
/* End PBXProject section */

/* Begin PBXResourcesBuildPhase section */
		BFCFBE3124F7962900A4B236 /* Resources */ = {
			isa = PBXResourcesBuildPhase;
			buildActionMask = 2147483647;
			files = (
				BFCFBE4324F7962E00A4B236 /* LaunchScreen.storyboard in Resources */,
				BFCFBE4024F7962E00A4B236 /* Assets.xcassets in Resources */,
				BFCFBE3E24F7962900A4B236 /* Main.storyboard in Resources */,
			);
			runOnlyForDeploymentPostprocessing = 0;
		};
		BFCFBE4724F7962E00A4B236 /* Resources */ = {
			isa = PBXResourcesBuildPhase;
			buildActionMask = 2147483647;
			files = (
			);
			runOnlyForDeploymentPostprocessing = 0;
		};
		BFCFBE5224F7962E00A4B236 /* Resources */ = {
			isa = PBXResourcesBuildPhase;
			buildActionMask = 2147483647;
			files = (
			);
			runOnlyForDeploymentPostprocessing = 0;
		};
/* End PBXResourcesBuildPhase section */

/* Begin PBXSourcesBuildPhase section */
		BFCFBE2F24F7962900A4B236 /* Sources */ = {
			isa = PBXSourcesBuildPhase;
			buildActionMask = 2147483647;
			files = (
				BFCFBE3B24F7962900A4B236 /* ViewController.swift in Sources */,
				BFCFBE3724F7962900A4B236 /* AppDelegate.swift in Sources */,
				BFCFBE3924F7962900A4B236 /* SceneDelegate.swift in Sources */,
			);
			runOnlyForDeploymentPostprocessing = 0;
		};
		BFCFBE4524F7962E00A4B236 /* Sources */ = {
			isa = PBXSourcesBuildPhase;
			buildActionMask = 2147483647;
			files = (
				BFCFBE4E24F7962E00A4B236 /* POCTests.swift in Sources */,
			);
			runOnlyForDeploymentPostprocessing = 0;
		};
		BFCFBE5024F7962E00A4B236 /* Sources */ = {
			isa = PBXSourcesBuildPhase;
			buildActionMask = 2147483647;
			files = (
				BFCFBE5924F7962E00A4B236 /* POCUITests.swift in Sources */,
			);
			runOnlyForDeploymentPostprocessing = 0;
		};
/* End PBXSourcesBuildPhase section */

/* Begin PBXTargetDependency section */
		BFCFBE4B24F7962E00A4B236 /* PBXTargetDependency */ = {
			isa = PBXTargetDependency;
			target = BFCFBE3224F7962900A4B236 /* POC */;
			targetProxy = BFCFBE4A24F7962E00A4B236 /* PBXContainerItemProxy */;
		};
		BFCFBE5624F7962E00A4B236 /* PBXTargetDependency */ = {
			isa = PBXTargetDependency;
			target = BFCFBE3224F7962900A4B236 /* POC */;
			targetProxy = BFCFBE5524F7962E00A4B236 /* PBXContainerItemProxy */;
		};
/* End PBXTargetDependency section */

/* Begin PBXVariantGroup section */
		BFCFBE3C24F7962900A4B236 /* Main.storyboard */ = {
			isa = PBXVariantGroup;
			children = (
				BFCFBE3D24F7962900A4B236 /* Base */,
			);
			name = Main.storyboard;
			sourceTree = "<group>";
		};
		BFCFBE4124F7962E00A4B236 /* LaunchScreen.storyboard */ = {
			isa = PBXVariantGroup;
			children = (
				BFCFBE4224F7962E00A4B236 /* Base */,
			);
			name = LaunchScreen.storyboard;
			sourceTree = "<group>";
		};
/* End PBXVariantGroup section */

/* Begin XCBuildConfiguration section */
		BFCFBE5B24F7962E00A4B236 /* Debug */ = {
			isa = XCBuildConfiguration;
			buildSettings = {
				ALWAYS_SEARCH_USER_PATHS = NO;
				CLANG_ANALYZER_NONNULL = YES;
				CLANG_ANALYZER_NUMBER_OBJECT_CONVERSION = YES_AGGRESSIVE;
				CLANG_CXX_LANGUAGE_STANDARD = "gnu++14";
				CLANG_CXX_LIBRARY = "libc++";
				CLANG_ENABLE_MODULES = YES;
				CLANG_ENABLE_OBJC_ARC = YES;
				CLANG_ENABLE_OBJC_WEAK = YES;
				CLANG_WARN_BLOCK_CAPTURE_AUTORELEASING = YES;
				CLANG_WARN_BOOL_CONVERSION = YES;
				CLANG_WARN_COMMA = YES;
				CLANG_WARN_CONSTANT_CONVERSION = YES;
				CLANG_WARN_DEPRECATED_OBJC_IMPLEMENTATIONS = YES;
				CLANG_WARN_DIRECT_OBJC_ISA_USAGE = YES_ERROR;
				CLANG_WARN_DOCUMENTATION_COMMENTS = YES;
				CLANG_WARN_EMPTY_BODY = YES;
				CLANG_WARN_ENUM_CONVERSION = YES;
				CLANG_WARN_INFINITE_RECURSION = YES;
				CLANG_WARN_INT_CONVERSION = YES;
				CLANG_WARN_NON_LITERAL_NULL_CONVERSION = YES;
				CLANG_WARN_OBJC_IMPLICIT_RETAIN_SELF = YES;
				CLANG_WARN_OBJC_LITERAL_CONVERSION = YES;
				CLANG_WARN_OBJC_ROOT_CLASS = YES_ERROR;
				CLANG_WARN_RANGE_LOOP_ANALYSIS = YES;
				CLANG_WARN_STRICT_PROTOTYPES = YES;
				CLANG_WARN_SUSPICIOUS_MOVE = YES;
				CLANG_WARN_UNGUARDED_AVAILABILITY = YES_AGGRESSIVE;
				CLANG_WARN_UNREACHABLE_CODE = YES;
				CLANG_WARN__DUPLICATE_METHOD_MATCH = YES;
				COPY_PHASE_STRIP = NO;
				DEBUG_INFORMATION_FORMAT = dwarf;
				ENABLE_STRICT_OBJC_MSGSEND = YES;
				ENABLE_TESTABILITY = YES;
				GCC_C_LANGUAGE_STANDARD = gnu11;
				GCC_DYNAMIC_NO_PIC = NO;
				GCC_NO_COMMON_BLOCKS = YES;
				GCC_OPTIMIZATION_LEVEL = 0;
				GCC_PREPROCESSOR_DEFINITIONS = (
					"DEBUG=1",
					"$(inherited)",
				);
				GCC_WARN_64_TO_32_BIT_CONVERSION = YES;
				GCC_WARN_ABOUT_RETURN_TYPE = YES_ERROR;
				GCC_WARN_UNDECLARED_SELECTOR = YES;
				GCC_WARN_UNINITIALIZED_AUTOS = YES_AGGRESSIVE;
				GCC_WARN_UNUSED_FUNCTION = YES;
				GCC_WARN_UNUSED_VARIABLE = YES;
				IPHONEOS_DEPLOYMENT_TARGET = 13.2;
				MTL_ENABLE_DEBUG_INFO = INCLUDE_SOURCE;
				MTL_FAST_MATH = YES;
				ONLY_ACTIVE_ARCH = YES;
				SDKROOT = iphoneos;
				SWIFT_ACTIVE_COMPILATION_CONDITIONS = DEBUG;
				SWIFT_OPTIMIZATION_LEVEL = "-Onone";
			};
			name = Debug;
		};
		BFCFBE5C24F7962E00A4B236 /* Release */ = {
			isa = XCBuildConfiguration;
			buildSettings = {
				ALWAYS_SEARCH_USER_PATHS = NO;
				CLANG_ANALYZER_NONNULL = YES;
				CLANG_ANALYZER_NUMBER_OBJECT_CONVERSION = YES_AGGRESSIVE;
				CLANG_CXX_LANGUAGE_STANDARD = "gnu++14";
				CLANG_CXX_LIBRARY = "libc++";
				CLANG_ENABLE_MODULES = YES;
				CLANG_ENABLE_OBJC_ARC = YES;
				CLANG_ENABLE_OBJC_WEAK = YES;
				CLANG_WARN_BLOCK_CAPTURE_AUTORELEASING = YES;
				CLANG_WARN_BOOL_CONVERSION = YES;
				CLANG_WARN_COMMA = YES;
				CLANG_WARN_CONSTANT_CONVERSION = YES;
				CLANG_WARN_DEPRECATED_OBJC_IMPLEMENTATIONS = YES;
				CLANG_WARN_DIRECT_OBJC_ISA_USAGE = YES_ERROR;
				CLANG_WARN_DOCUMENTATION_COMMENTS = YES;
				CLANG_WARN_EMPTY_BODY = YES;
				CLANG_WARN_ENUM_CONVERSION = YES;
				CLANG_WARN_INFINITE_RECURSION = YES;
				CLANG_WARN_INT_CONVERSION = YES;
				CLANG_WARN_NON_LITERAL_NULL_CONVERSION = YES;
				CLANG_WARN_OBJC_IMPLICIT_RETAIN_SELF = YES;
				CLANG_WARN_OBJC_LITERAL_CONVERSION = YES;
				CLANG_WARN_OBJC_ROOT_CLASS = YES_ERROR;
				CLANG_WARN_RANGE_LOOP_ANALYSIS = YES;
				CLANG_WARN_STRICT_PROTOTYPES = YES;
				CLANG_WARN_SUSPICIOUS_MOVE = YES;
				CLANG_WARN_UNGUARDED_AVAILABILITY = YES_AGGRESSIVE;
				CLANG_WARN_UNREACHABLE_CODE = YES;
				CLANG_WARN__DUPLICATE_METHOD_MATCH = YES;
				COPY_PHASE_STRIP = NO;
				DEBUG_INFORMATION_FORMAT = "dwarf-with-dsym";
				ENABLE_NS_ASSERTIONS = NO;
				ENABLE_STRICT_OBJC_MSGSEND = YES;
				GCC_C_LANGUAGE_STANDARD = gnu11;
				GCC_NO_COMMON_BLOCKS = YES;
				GCC_WARN_64_TO_32_BIT_CONVERSION = YES;
				GCC_WARN_ABOUT_RETURN_TYPE = YES_ERROR;
				GCC_WARN_UNDECLARED_SELECTOR = YES;
				GCC_WARN_UNINITIALIZED_AUTOS = YES_AGGRESSIVE;
				GCC_WARN_UNUSED_FUNCTION = YES;
				GCC_WARN_UNUSED_VARIABLE = YES;
				IPHONEOS_DEPLOYMENT_TARGET = 13.2;
				MTL_ENABLE_DEBUG_INFO = NO;
				MTL_FAST_MATH = YES;
				SDKROOT = iphoneos;
				SWIFT_COMPILATION_MODE = wholemodule;
				SWIFT_OPTIMIZATION_LEVEL = "-O";
				VALIDATE_PRODUCT = YES;
			};
			name = Release;
		};
		BFCFBE5E24F7962E00A4B236 /* Debug */ = {
			isa = XCBuildConfiguration;
			buildSettings = {
				ASSETCATALOG_COMPILER_APPICON_NAME = AppIcon;
				CODE_SIGN_STYLE = Automatic;
				INFOPLIST_FILE = POC/Info.plist;
				LD_RUNPATH_SEARCH_PATHS = (
					"$(inherited)",
					"@executable_path/Frameworks",
				);
				PRODUCT_BUNDLE_IDENTIFIER = com.example.Subhash.POC;
				PRODUCT_NAME = "$(TARGET_NAME)";
				SWIFT_VERSION = 5.0;
				TARGETED_DEVICE_FAMILY = "1,2";
			};
			name = Debug;
		};
		BFCFBE5F24F7962E00A4B236 /* Release */ = {
			isa = XCBuildConfiguration;
			buildSettings = {
				ASSETCATALOG_COMPILER_APPICON_NAME = AppIcon;
				CODE_SIGN_STYLE = Automatic;
				INFOPLIST_FILE = POC/Info.plist;
				LD_RUNPATH_SEARCH_PATHS = (
					"$(inherited)",
					"@executable_path/Frameworks",
				);
				PRODUCT_BUNDLE_IDENTIFIER = com.example.Subhash.POC;
				PRODUCT_NAME = "$(TARGET_NAME)";
				SWIFT_VERSION = 5.0;
				TARGETED_DEVICE_FAMILY = "1,2";
			};
			name = Release;
		};
		BFCFBE6124F7962E00A4B236 /* Debug */ = {
			isa = XCBuildConfiguration;
			buildSettings = {
				ALWAYS_EMBED_SWIFT_STANDARD_LIBRARIES = YES;
				BUNDLE_LOADER = "$(TEST_HOST)";
				CODE_SIGN_STYLE = Automatic;
				INFOPLIST_FILE = POCTests/Info.plist;
				IPHONEOS_DEPLOYMENT_TARGET = 13.2;
				LD_RUNPATH_SEARCH_PATHS = (
					"$(inherited)",
					"@executable_path/Frameworks",
					"@loader_path/Frameworks",
				);
				PRODUCT_BUNDLE_IDENTIFIER = com.example.Subhash.POCTests;
				PRODUCT_NAME = "$(TARGET_NAME)";
				SWIFT_VERSION = 5.0;
				TARGETED_DEVICE_FAMILY = "1,2";
				TEST_HOST = "$(BUILT_PRODUCTS_DIR)/POC.app/POC";
			};
			name = Debug;
		};
		BFCFBE6224F7962E00A4B236 /* Release */ = {
			isa = XCBuildConfiguration;
			buildSettings = {
				ALWAYS_EMBED_SWIFT_STANDARD_LIBRARIES = YES;
				BUNDLE_LOADER = "$(TEST_HOST)";
				CODE_SIGN_STYLE = Automatic;
				INFOPLIST_FILE = POCTests/Info.plist;
				IPHONEOS_DEPLOYMENT_TARGET = 13.2;
				LD_RUNPATH_SEARCH_PATHS = (
					"$(inherited)",
					"@executable_path/Frameworks",
					"@loader_path/Frameworks",
				);
				PRODUCT_BUNDLE_IDENTIFIER = com.example.Subhash.POCTests;
				PRODUCT_NAME = "$(TARGET_NAME)";
				SWIFT_VERSION = 5.0;
				TARGETED_DEVICE_FAMILY = "1,2";
				TEST_HOST = "$(BUILT_PRODUCTS_DIR)/POC.app/POC";
			};
			name = Release;
		};
		BFCFBE6424F7962E00A4B236 /* Debug */ = {
			isa = XCBuildConfiguration;
			buildSettings = {
				ALWAYS_EMBED_SWIFT_STANDARD_LIBRARIES = YES;
				CODE_SIGN_STYLE = Automatic;
				INFOPLIST_FILE = POCUITests/Info.plist;
				LD_RUNPATH_SEARCH_PATHS = (
					"$(inherited)",
					"@executable_path/Frameworks",
					"@loader_path/Frameworks",
				);
				PRODUCT_BUNDLE_IDENTIFIER = com.example.Subhash.POCUITests;
				PRODUCT_NAME = "$(TARGET_NAME)";
				SWIFT_VERSION = 5.0;
				TARGETED_DEVICE_FAMILY = "1,2";
				TEST_TARGET_NAME = POC;
			};
			name = Debug;
		};
		BFCFBE6524F7962E00A4B236 /* Release */ = {
			isa = XCBuildConfiguration;
			buildSettings = {
				ALWAYS_EMBED_SWIFT_STANDARD_LIBRARIES = YES;
				CODE_SIGN_STYLE = Automatic;
				INFOPLIST_FILE = POCUITests/Info.plist;
				LD_RUNPATH_SEARCH_PATHS = (
					"$(inherited)",
					"@executable_path/Frameworks",
					"@loader_path/Frameworks",
				);
				PRODUCT_BUNDLE_IDENTIFIER = com.example.Subhash.POCUITests;
				PRODUCT_NAME = "$(TARGET_NAME)";
				SWIFT_VERSION = 5.0;
				TARGETED_DEVICE_FAMILY = "1,2";
				TEST_TARGET_NAME = POC;
			};
			name = Release;
		};
/* End XCBuildConfiguration section */

/* Begin XCConfigurationList section */
		BFCFBE2E24F7962900A4B236 /* Build configuration list for PBXProject "POC" */ = {
			isa = XCConfigurationList;
			buildConfigurations = (
				BFCFBE5B24F7962E00A4B236 /* Debug */,
				BFCFBE5C24F7962E00A4B236 /* Release */,
			);
			defaultConfigurationIsVisible = 0;
			defaultConfigurationName = Release;
		};
		BFCFBE5D24F7962E00A4B236 /* Build configuration list for PBXNativeTarget "POC" */ = {
			isa = XCConfigurationList;
			buildConfigurations = (
				BFCFBE5E24F7962E00A4B236 /* Debug */,
				BFCFBE5F24F7962E00A4B236 /* Release */,
			);
			defaultConfigurationIsVisible = 0;
			defaultConfigurationName = Release;
		};
		BFCFBE6024F7962E00A4B236 /* Build configuration list for PBXNativeTarget "POCTests" */ = {
			isa = XCConfigurationList;
			buildConfigurations = (
				BFCFBE6124F7962E00A4B236 /* Debug */,
				BFCFBE6224F7962E00A4B236 /* Release */,
			);
			defaultConfigurationIsVisible = 0;
			defaultConfigurationName = Release;
		};
		BFCFBE6324F7962E00A4B236 /* Build configuration list for PBXNativeTarget "POCUITests" */ = {
			isa = XCConfigurationList;
			buildConfigurations = (
				BFCFBE6424F7962E00A4B236 /* Debug */,
				BFCFBE6524F7962E00A4B236 /* Release */,
			);
			defaultConfigurationIsVisible = 0;
			defaultConfigurationName = Release;
		};
/* End XCConfigurationList section */
	};
	rootObject = BFCFBE2B24F7962900A4B236 /* Project object */;
}
